// !$*UTF8*$!
{
	archiveVersion = 1;
	classes = {
	};
	objectVersion = 46;
	objects = {

/* Begin PBXBuildFile section */
		11C32857186CDCFF00F6D762 /* DDContextFilterLogFormatter.m in Sources */ = {isa = PBXBuildFile; fileRef = 11C32852186CDCFF00F6D762 /* DDContextFilterLogFormatter.m */; };
		11C32858186CDCFF00F6D762 /* DDDispatchQueueLogFormatter.m in Sources */ = {isa = PBXBuildFile; fileRef = 11C32854186CDCFF00F6D762 /* DDDispatchQueueLogFormatter.m */; };
		11C32859186CDCFF00F6D762 /* DDMultiFormatter.m in Sources */ = {isa = PBXBuildFile; fileRef = 11C32856186CDCFF00F6D762 /* DDMultiFormatter.m */; };
		DC34A1FE1484363D004F0A03 /* Cocoa.framework in Frameworks */ = {isa = PBXBuildFile; fileRef = DC34A1FD1484363D004F0A03 /* Cocoa.framework */; };
		DC34A2081484363D004F0A03 /* InfoPlist.strings in Resources */ = {isa = PBXBuildFile; fileRef = DC34A2061484363D004F0A03 /* InfoPlist.strings */; };
		DC34A20A1484363D004F0A03 /* main.m in Sources */ = {isa = PBXBuildFile; fileRef = DC34A2091484363D004F0A03 /* main.m */; };
		DC34A20E1484363D004F0A03 /* Credits.rtf in Resources */ = {isa = PBXBuildFile; fileRef = DC34A20C1484363D004F0A03 /* Credits.rtf */; };
		DC34A2111484363D004F0A03 /* AppDelegate.m in Sources */ = {isa = PBXBuildFile; fileRef = DC34A2101484363D004F0A03 /* AppDelegate.m */; };
		DC34A2141484363D004F0A03 /* MainMenu.xib in Resources */ = {isa = PBXBuildFile; fileRef = DC34A2121484363D004F0A03 /* MainMenu.xib */; };
		DCC96B21152E12970064C500 /* DDAbstractDatabaseLogger.m in Sources */ = {isa = PBXBuildFile; fileRef = DCC96B12152E12970064C500 /* DDAbstractDatabaseLogger.m */; };
		DCC96B22152E12970064C500 /* DDASLLogger.m in Sources */ = {isa = PBXBuildFile; fileRef = DCC96B14152E12970064C500 /* DDASLLogger.m */; };
		DCC96B23152E12970064C500 /* DDFileLogger.m in Sources */ = {isa = PBXBuildFile; fileRef = DCC96B16152E12970064C500 /* DDFileLogger.m */; };
		DCC96B24152E12970064C500 /* DDLog.m in Sources */ = {isa = PBXBuildFile; fileRef = DCC96B18152E12970064C500 /* DDLog.m */; };
		DCC96B25152E12970064C500 /* DDTTYLogger.m in Sources */ = {isa = PBXBuildFile; fileRef = DCC96B1A152E12970064C500 /* DDTTYLogger.m */; };
		DCC96B28152E12970064C500 /* README.txt in Resources */ = {isa = PBXBuildFile; fileRef = DCC96B20152E12970064C500 /* README.txt */; };
		DCC96B2B152E12A60064C500 /* GCDAsyncUdpSocket.m in Sources */ = {isa = PBXBuildFile; fileRef = DCC96B2A152E12A60064C500 /* GCDAsyncUdpSocket.m */; };
/* End PBXBuildFile section */

/* Begin PBXFileReference section */
		11C32850186CDCF300F6D762 /* DDLog+LOGV.h */ = {isa = PBXFileReference; lastKnownFileType = sourcecode.c.h; path = "DDLog+LOGV.h"; sourceTree = "<group>"; };
		11C32851186CDCFF00F6D762 /* DDContextFilterLogFormatter.h */ = {isa = PBXFileReference; fileEncoding = 4; lastKnownFileType = sourcecode.c.h; path = DDContextFilterLogFormatter.h; sourceTree = "<group>"; };
		11C32852186CDCFF00F6D762 /* DDContextFilterLogFormatter.m */ = {isa = PBXFileReference; fileEncoding = 4; lastKnownFileType = sourcecode.c.objc; path = DDContextFilterLogFormatter.m; sourceTree = "<group>"; };
		11C32853186CDCFF00F6D762 /* DDDispatchQueueLogFormatter.h */ = {isa = PBXFileReference; fileEncoding = 4; lastKnownFileType = sourcecode.c.h; path = DDDispatchQueueLogFormatter.h; sourceTree = "<group>"; };
		11C32854186CDCFF00F6D762 /* DDDispatchQueueLogFormatter.m */ = {isa = PBXFileReference; fileEncoding = 4; lastKnownFileType = sourcecode.c.objc; path = DDDispatchQueueLogFormatter.m; sourceTree = "<group>"; };
		11C32855186CDCFF00F6D762 /* DDMultiFormatter.h */ = {isa = PBXFileReference; fileEncoding = 4; lastKnownFileType = sourcecode.c.h; path = DDMultiFormatter.h; sourceTree = "<group>"; };
		11C32856186CDCFF00F6D762 /* DDMultiFormatter.m */ = {isa = PBXFileReference; fileEncoding = 4; lastKnownFileType = sourcecode.c.objc; path = DDMultiFormatter.m; sourceTree = "<group>"; };
		DC34A1F91484363D004F0A03 /* UdpEchoClient.app */ = {isa = PBXFileReference; explicitFileType = wrapper.application; includeInIndex = 0; path = UdpEchoClient.app; sourceTree = BUILT_PRODUCTS_DIR; };
		DC34A1FD1484363D004F0A03 /* Cocoa.framework */ = {isa = PBXFileReference; lastKnownFileType = wrapper.framework; name = Cocoa.framework; path = System/Library/Frameworks/Cocoa.framework; sourceTree = SDKROOT; };
		DC34A2001484363D004F0A03 /* AppKit.framework */ = {isa = PBXFileReference; lastKnownFileType = wrapper.framework; name = AppKit.framework; path = System/Library/Frameworks/AppKit.framework; sourceTree = SDKROOT; };
		DC34A2011484363D004F0A03 /* CoreData.framework */ = {isa = PBXFileReference; lastKnownFileType = wrapper.framework; name = CoreData.framework; path = System/Library/Frameworks/CoreData.framework; sourceTree = SDKROOT; };
		DC34A2021484363D004F0A03 /* Foundation.framework */ = {isa = PBXFileReference; lastKnownFileType = wrapper.framework; name = Foundation.framework; path = System/Library/Frameworks/Foundation.framework; sourceTree = SDKROOT; };
		DC34A2051484363D004F0A03 /* UdpEchoClient-Info.plist */ = {isa = PBXFileReference; lastKnownFileType = text.plist.xml; path = "UdpEchoClient-Info.plist"; sourceTree = "<group>"; };
		DC34A2071484363D004F0A03 /* en */ = {isa = PBXFileReference; lastKnownFileType = text.plist.strings; name = en; path = en.lproj/InfoPlist.strings; sourceTree = "<group>"; };
		DC34A2091484363D004F0A03 /* main.m */ = {isa = PBXFileReference; lastKnownFileType = sourcecode.c.objc; path = main.m; sourceTree = "<group>"; };
		DC34A20B1484363D004F0A03 /* UdpEchoClient-Prefix.pch */ = {isa = PBXFileReference; lastKnownFileType = sourcecode.c.h; path = "UdpEchoClient-Prefix.pch"; sourceTree = "<group>"; };
		DC34A20D1484363D004F0A03 /* en */ = {isa = PBXFileReference; lastKnownFileType = text.rtf; name = en; path = en.lproj/Credits.rtf; sourceTree = "<group>"; };
		DC34A20F1484363D004F0A03 /* AppDelegate.h */ = {isa = PBXFileReference; lastKnownFileType = sourcecode.c.h; path = AppDelegate.h; sourceTree = "<group>"; };
		DC34A2101484363D004F0A03 /* AppDelegate.m */ = {isa = PBXFileReference; lastKnownFileType = sourcecode.c.objc; path = AppDelegate.m; sourceTree = "<group>"; };
		DC34A2131484363D004F0A03 /* en */ = {isa = PBXFileReference; lastKnownFileType = file.xib; name = en; path = en.lproj/MainMenu.xib; sourceTree = "<group>"; };
		DCC96B11152E12970064C500 /* DDAbstractDatabaseLogger.h */ = {isa = PBXFileReference; fileEncoding = 4; lastKnownFileType = sourcecode.c.h; path = DDAbstractDatabaseLogger.h; sourceTree = "<group>"; };
		DCC96B12152E12970064C500 /* DDAbstractDatabaseLogger.m */ = {isa = PBXFileReference; fileEncoding = 4; lastKnownFileType = sourcecode.c.objc; path = DDAbstractDatabaseLogger.m; sourceTree = "<group>"; };
		DCC96B13152E12970064C500 /* DDASLLogger.h */ = {isa = PBXFileReference; fileEncoding = 4; lastKnownFileType = sourcecode.c.h; path = DDASLLogger.h; sourceTree = "<group>"; };
		DCC96B14152E12970064C500 /* DDASLLogger.m */ = {isa = PBXFileReference; fileEncoding = 4; lastKnownFileType = sourcecode.c.objc; path = DDASLLogger.m; sourceTree = "<group>"; };
		DCC96B15152E12970064C500 /* DDFileLogger.h */ = {isa = PBXFileReference; fileEncoding = 4; lastKnownFileType = sourcecode.c.h; path = DDFileLogger.h; sourceTree = "<group>"; };
		DCC96B16152E12970064C500 /* DDFileLogger.m */ = {isa = PBXFileReference; fileEncoding = 4; lastKnownFileType = sourcecode.c.objc; path = DDFileLogger.m; sourceTree = "<group>"; };
		DCC96B17152E12970064C500 /* DDLog.h */ = {isa = PBXFileReference; fileEncoding = 4; lastKnownFileType = sourcecode.c.h; path = DDLog.h; sourceTree = "<group>"; };
		DCC96B18152E12970064C500 /* DDLog.m */ = {isa = PBXFileReference; fileEncoding = 4; lastKnownFileType = sourcecode.c.objc; path = DDLog.m; sourceTree = "<group>"; };
		DCC96B19152E12970064C500 /* DDTTYLogger.h */ = {isa = PBXFileReference; fileEncoding = 4; lastKnownFileType = sourcecode.c.h; path = DDTTYLogger.h; sourceTree = "<group>"; };
		DCC96B1A152E12970064C500 /* DDTTYLogger.m */ = {isa = PBXFileReference; fileEncoding = 4; lastKnownFileType = sourcecode.c.objc; path = DDTTYLogger.m; sourceTree = "<group>"; };
		DCC96B20152E12970064C500 /* README.txt */ = {isa = PBXFileReference; fileEncoding = 4; lastKnownFileType = text; path = README.txt; sourceTree = "<group>"; };
		DCC96B29152E12A60064C500 /* GCDAsyncUdpSocket.h */ = {isa = PBXFileReference; fileEncoding = 4; lastKnownFileType = sourcecode.c.h; name = GCDAsyncUdpSocket.h; path = ../../../GCDAsyncUdpSocket.h; sourceTree = "<group>"; };
		DCC96B2A152E12A60064C500 /* GCDAsyncUdpSocket.m */ = {isa = PBXFileReference; fileEncoding = 4; lastKnownFileType = sourcecode.c.objc; name = GCDAsyncUdpSocket.m; path = ../../../GCDAsyncUdpSocket.m; sourceTree = "<group>"; };
/* End PBXFileReference section */

/* Begin PBXFrameworksBuildPhase section */
		DC34A1F61484363D004F0A03 /* Frameworks */ = {
			isa = PBXFrameworksBuildPhase;
			buildActionMask = 2147483647;
			files = (
				DC34A1FE1484363D004F0A03 /* Cocoa.framework in Frameworks */,
			);
			runOnlyForDeploymentPostprocessing = 0;
		};
/* End PBXFrameworksBuildPhase section */

/* Begin PBXGroup section */
		DC34A1EE1484363D004F0A03 = {
			isa = PBXGroup;
			children = (
				DCC96B10152E12970064C500 /* Logging */,
				DC34A21A14843649004F0A03 /* UDP */,
				DC34A2031484363D004F0A03 /* UdpEchoClient */,
				DC34A1FC1484363D004F0A03 /* Frameworks */,
				DC34A1FA1484363D004F0A03 /* Products */,
			);
			sourceTree = "<group>";
		};
		DC34A1FA1484363D004F0A03 /* Products */ = {
			isa = PBXGroup;
			children = (
				DC34A1F91484363D004F0A03 /* UdpEchoClient.app */,
			);
			name = Products;
			sourceTree = "<group>";
		};
		DC34A1FC1484363D004F0A03 /* Frameworks */ = {
			isa = PBXGroup;
			children = (
				DC34A1FD1484363D004F0A03 /* Cocoa.framework */,
				DC34A1FF1484363D004F0A03 /* Other Frameworks */,
			);
			name = Frameworks;
			sourceTree = "<group>";
		};
		DC34A1FF1484363D004F0A03 /* Other Frameworks */ = {
			isa = PBXGroup;
			children = (
				DC34A2001484363D004F0A03 /* AppKit.framework */,
				DC34A2011484363D004F0A03 /* CoreData.framework */,
				DC34A2021484363D004F0A03 /* Foundation.framework */,
			);
			name = "Other Frameworks";
			sourceTree = "<group>";
		};
		DC34A2031484363D004F0A03 /* UdpEchoClient */ = {
			isa = PBXGroup;
			children = (
				DC34A20F1484363D004F0A03 /* AppDelegate.h */,
				DC34A2101484363D004F0A03 /* AppDelegate.m */,
				DC34A2121484363D004F0A03 /* MainMenu.xib */,
				DC34A2041484363D004F0A03 /* Supporting Files */,
			);
			path = UdpEchoClient;
			sourceTree = "<group>";
		};
		DC34A2041484363D004F0A03 /* Supporting Files */ = {
			isa = PBXGroup;
			children = (
				DC34A2051484363D004F0A03 /* UdpEchoClient-Info.plist */,
				DC34A2061484363D004F0A03 /* InfoPlist.strings */,
				DC34A2091484363D004F0A03 /* main.m */,
				DC34A20B1484363D004F0A03 /* UdpEchoClient-Prefix.pch */,
				DC34A20C1484363D004F0A03 /* Credits.rtf */,
			);
			name = "Supporting Files";
			sourceTree = "<group>";
		};
		DC34A21A14843649004F0A03 /* UDP */ = {
			isa = PBXGroup;
			children = (
				DCC96B29152E12A60064C500 /* GCDAsyncUdpSocket.h */,
				DCC96B2A152E12A60064C500 /* GCDAsyncUdpSocket.m */,
			);
			name = UDP;
			sourceTree = "<group>";
		};
		DCC96B10152E12970064C500 /* Logging */ = {
			isa = PBXGroup;
			children = (
				DCC96B11152E12970064C500 /* DDAbstractDatabaseLogger.h */,
				DCC96B12152E12970064C500 /* DDAbstractDatabaseLogger.m */,
				DCC96B13152E12970064C500 /* DDASLLogger.h */,
				DCC96B14152E12970064C500 /* DDASLLogger.m */,
				DCC96B15152E12970064C500 /* DDFileLogger.h */,
				DCC96B16152E12970064C500 /* DDFileLogger.m */,
				DCC96B17152E12970064C500 /* DDLog.h */,
				DCC96B18152E12970064C500 /* DDLog.m */,
				11C32850186CDCF300F6D762 /* DDLog+LOGV.h */,
				DCC96B19152E12970064C500 /* DDTTYLogger.h */,
				DCC96B1A152E12970064C500 /* DDTTYLogger.m */,
				DCC96B1B152E12970064C500 /* Extensions */,
			);
			name = Logging;
			path = ../../../../Vendor/CocoaLumberjack;
			sourceTree = "<group>";
		};
		DCC96B1B152E12970064C500 /* Extensions */ = {
			isa = PBXGroup;
			children = (
				11C32851186CDCFF00F6D762 /* DDContextFilterLogFormatter.h */,
				11C32852186CDCFF00F6D762 /* DDContextFilterLogFormatter.m */,
				11C32853186CDCFF00F6D762 /* DDDispatchQueueLogFormatter.h */,
				11C32854186CDCFF00F6D762 /* DDDispatchQueueLogFormatter.m */,
				11C32855186CDCFF00F6D762 /* DDMultiFormatter.h */,
				11C32856186CDCFF00F6D762 /* DDMultiFormatter.m */,
				DCC96B20152E12970064C500 /* README.txt */,
			);
			path = Extensions;
			sourceTree = "<group>";
		};
/* End PBXGroup section */

/* Begin PBXNativeTarget section */
		DC34A1F81484363D004F0A03 /* UdpEchoClient */ = {
			isa = PBXNativeTarget;
			buildConfigurationList = DC34A2171484363D004F0A03 /* Build configuration list for PBXNativeTarget "UdpEchoClient" */;
			buildPhases = (
				DC34A1F51484363D004F0A03 /* Sources */,
				DC34A1F61484363D004F0A03 /* Frameworks */,
				DC34A1F71484363D004F0A03 /* Resources */,
			);
			buildRules = (
			);
			dependencies = (
			);
			name = UdpEchoClient;
			productName = UdpEchoClient;
			productReference = DC34A1F91484363D004F0A03 /* UdpEchoClient.app */;
			productType = "com.apple.product-type.application";
		};
/* End PBXNativeTarget section */

/* Begin PBXProject section */
		DC34A1F01484363D004F0A03 /* Project object */ = {
			isa = PBXProject;
			attributes = {
				LastUpgradeCheck = 0510;
			};
			buildConfigurationList = DC34A1F31484363D004F0A03 /* Build configuration list for PBXProject "UdpEchoClient" */;
			compatibilityVersion = "Xcode 3.2";
			developmentRegion = English;
			hasScannedForEncodings = 0;
			knownRegions = (
				en,
			);
			mainGroup = DC34A1EE1484363D004F0A03;
			productRefGroup = DC34A1FA1484363D004F0A03 /* Products */;
			projectDirPath = "";
			projectRoot = "";
			targets = (
				DC34A1F81484363D004F0A03 /* UdpEchoClient */,
			);
		};
/* End PBXProject section */

/* Begin PBXResourcesBuildPhase section */
		DC34A1F71484363D004F0A03 /* Resources */ = {
			isa = PBXResourcesBuildPhase;
			buildActionMask = 2147483647;
			files = (
				DC34A2081484363D004F0A03 /* InfoPlist.strings in Resources */,
				DC34A20E1484363D004F0A03 /* Credits.rtf in Resources */,
				DC34A2141484363D004F0A03 /* MainMenu.xib in Resources */,
				DCC96B28152E12970064C500 /* README.txt in Resources */,
			);
			runOnlyForDeploymentPostprocessing = 0;
		};
/* End PBXResourcesBuildPhase section */

/* Begin PBXSourcesBuildPhase section */
		DC34A1F51484363D004F0A03 /* Sources */ = {
			isa = PBXSourcesBuildPhase;
			buildActionMask = 2147483647;
			files = (
				DC34A20A1484363D004F0A03 /* main.m in Sources */,
				DC34A2111484363D004F0A03 /* AppDelegate.m in Sources */,
				DCC96B21152E12970064C500 /* DDAbstractDatabaseLogger.m in Sources */,
				11C32857186CDCFF00F6D762 /* DDContextFilterLogFormatter.m in Sources */,
				DCC96B22152E12970064C500 /* DDASLLogger.m in Sources */,
				DCC96B23152E12970064C500 /* DDFileLogger.m in Sources */,
				DCC96B24152E12970064C500 /* DDLog.m in Sources */,
				11C32859186CDCFF00F6D762 /* DDMultiFormatter.m in Sources */,
				11C32858186CDCFF00F6D762 /* DDDispatchQueueLogFormatter.m in Sources */,
				DCC96B25152E12970064C500 /* DDTTYLogger.m in Sources */,
				DCC96B2B152E12A60064C500 /* GCDAsyncUdpSocket.m in Sources */,
			);
			runOnlyForDeploymentPostprocessing = 0;
		};
/* End PBXSourcesBuildPhase section */

/* Begin PBXVariantGroup section */
		DC34A2061484363D004F0A03 /* InfoPlist.strings */ = {
			isa = PBXVariantGroup;
			children = (
				DC34A2071484363D004F0A03 /* en */,
			);
			name = InfoPlist.strings;
			sourceTree = "<group>";
		};
		DC34A20C1484363D004F0A03 /* Credits.rtf */ = {
			isa = PBXVariantGroup;
			children = (
				DC34A20D1484363D004F0A03 /* en */,
			);
			name = Credits.rtf;
			sourceTree = "<group>";
		};
		DC34A2121484363D004F0A03 /* MainMenu.xib */ = {
			isa = PBXVariantGroup;
			children = (
				DC34A2131484363D004F0A03 /* en */,
			);
			name = MainMenu.xib;
			sourceTree = "<group>";
		};
/* End PBXVariantGroup section */

/* Begin XCBuildConfiguration section */
		DC34A2151484363D004F0A03 /* Debug */ = {
			isa = XCBuildConfiguration;
			buildSettings = {
				ALWAYS_SEARCH_USER_PATHS = NO;
				CLANG_WARN_BOOL_CONVERSION = YES;
				CLANG_WARN_CONSTANT_CONVERSION = YES;
				CLANG_WARN_EMPTY_BODY = YES;
				CLANG_WARN_ENUM_CONVERSION = YES;
				CLANG_WARN_INT_CONVERSION = YES;
				CLANG_WARN__DUPLICATE_METHOD_MATCH = YES;
				COMBINE_HIDPI_IMAGES = YES;
				COPY_PHASE_STRIP = NO;
				GCC_C_LANGUAGE_STANDARD = gnu99;
				GCC_DYNAMIC_NO_PIC = NO;
				GCC_ENABLE_OBJC_EXCEPTIONS = YES;
				GCC_OPTIMIZATION_LEVEL = 0;
				GCC_PREPROCESSOR_DEFINITIONS = (
					"DEBUG=1",
					"$(inherited)",
				);
				GCC_SYMBOLS_PRIVATE_EXTERN = NO;
				GCC_VERSION = com.apple.compilers.llvm.clang.1_0;
				GCC_WARN_64_TO_32_BIT_CONVERSION = YES;
				GCC_WARN_ABOUT_MISSING_PROTOTYPES = YES;
				GCC_WARN_ABOUT_RETURN_TYPE = YES;
				GCC_WARN_UNDECLARED_SELECTOR = YES;
				GCC_WARN_UNINITIALIZED_AUTOS = YES;
				GCC_WARN_UNUSED_FUNCTION = YES;
				GCC_WARN_UNUSED_VARIABLE = YES;
				MACOSX_DEPLOYMENT_TARGET = 10.8;
				ONLY_ACTIVE_ARCH = YES;
				SDKROOT = macosx;
			};
			name = Debug;
		};
		DC34A2161484363D004F0A03 /* Release */ = {
			isa = XCBuildConfiguration;
			buildSettings = {
				ALWAYS_SEARCH_USER_PATHS = NO;
				CLANG_WARN_BOOL_CONVERSION = YES;
				CLANG_WARN_CONSTANT_CONVERSION = YES;
				CLANG_WARN_EMPTY_BODY = YES;
				CLANG_WARN_ENUM_CONVERSION = YES;
				CLANG_WARN_INT_CONVERSION = YES;
				CLANG_WARN__DUPLICATE_METHOD_MATCH = YES;
				COMBINE_HIDPI_IMAGES = YES;
				COPY_PHASE_STRIP = YES;
				DEBUG_INFORMATION_FORMAT = "dwarf-with-dsym";
				GCC_C_LANGUAGE_STANDARD = gnu99;
				GCC_ENABLE_OBJC_EXCEPTIONS = YES;
				GCC_VERSION = com.apple.compilers.llvm.clang.1_0;
				GCC_WARN_64_TO_32_BIT_CONVERSION = YES;
				GCC_WARN_ABOUT_MISSING_PROTOTYPES = YES;
				GCC_WARN_ABOUT_RETURN_TYPE = YES;
				GCC_WARN_UNDECLARED_SELECTOR = YES;
				GCC_WARN_UNINITIALIZED_AUTOS = YES;
				GCC_WARN_UNUSED_FUNCTION = YES;
				GCC_WARN_UNUSED_VARIABLE = YES;
				MACOSX_DEPLOYMENT_TARGET = 10.8;
				SDKROOT = macosx;
			};
			name = Release;
		};
		DC34A2181484363D004F0A03 /* Debug */ = {
			isa = XCBuildConfiguration;
			buildSettings = {
				CLANG_ENABLE_OBJC_ARC = YES;
				GCC_PRECOMPILE_PREFIX_HEADER = YES;
				GCC_PREFIX_HEADER = "UdpEchoClient/UdpEchoClient-Prefix.pch";
				INFOPLIST_FILE = "UdpEchoClient/UdpEchoClient-Info.plist";
				PRODUCT_NAME = "$(TARGET_NAME)";
				WRAPPER_EXTENSION = app;
			};
			name = Debug;
		};
		DC34A2191484363D004F0A03 /* Release */ = {
			isa = XCBuildConfiguration;
			buildSettings = {
				CLANG_ENABLE_OBJC_ARC = YES;
				GCC_PRECOMPILE_PREFIX_HEADER = YES;
				GCC_PREFIX_HEADER = "UdpEchoClient/UdpEchoClient-Prefix.pch";
				INFOPLIST_FILE = "UdpEchoClient/UdpEchoClient-Info.plist";
				PRODUCT_NAME = "$(TARGET_NAME)";
				WRAPPER_EXTENSION = app;
			};
			name = Release;
		};
/* End XCBuildConfiguration section */

/* Begin XCConfigurationList section */
		DC34A1F31484363D004F0A03 /* Build configuration list for PBXProject "UdpEchoClient" */ = {
			isa = XCConfigurationList;
			buildConfigurations = (
				DC34A2151484363D004F0A03 /* Debug */,
				DC34A2161484363D004F0A03 /* Release */,
			);
			defaultConfigurationIsVisible = 0;
			defaultConfigurationName = Release;
		};
		DC34A2171484363D004F0A03 /* Build configuration list for PBXNativeTarget "UdpEchoClient" */ = {
			isa = XCConfigurationList;
			buildConfigurations = (
				DC34A2181484363D004F0A03 /* Debug */,
				DC34A2191484363D004F0A03 /* Release */,
			);
			defaultConfigurationIsVisible = 0;
			defaultConfigurationName = Release;
		};
/* End XCConfigurationList section */
	};
	rootObject = DC34A1F01484363D004F0A03 /* Project object */;
}
