// !$*UTF8*$!
{
	archiveVersion = 1;
	classes = {
	};
	objectVersion = 46;
	objects = {

/* Begin PBXBuildFile section */
		11C32861186CDD2A00F6D762 /* DDContextFilterLogFormatter.m in Sources */ = {isa = PBXBuildFile; fileRef = 11C3285C186CDD2A00F6D762 /* DDContextFilterLogFormatter.m */; };
		11C32862186CDD2A00F6D762 /* DDDispatchQueueLogFormatter.m in Sources */ = {isa = PBXBuildFile; fileRef = 11C3285E186CDD2A00F6D762 /* DDDispatchQueueLogFormatter.m */; };
		11C32863186CDD2A00F6D762 /* DDMultiFormatter.m in Sources */ = {isa = PBXBuildFile; fileRef = 11C32860186CDD2A00F6D762 /* DDMultiFormatter.m */; };
		DC49317917F9F88F00402F77 /* Default-568h@2x.png in Resources */ = {isa = PBXBuildFile; fileRef = DC49317817F9F88F00402F77 /* Default-568h@2x.png */; };
		DCC96ACD152E11210064C500 /* UIKit.framework in Frameworks */ = {isa = PBXBuildFile; fileRef = DCC96ACC152E11210064C500 /* UIKit.framework */; };
		DCC96ACF152E11210064C500 /* Foundation.framework in Frameworks */ = {isa = PBXBuildFile; fileRef = DCC96ACE152E11210064C500 /* Foundation.framework */; };
		DCC96AD1152E11210064C500 /* CoreGraphics.framework in Frameworks */ = {isa = PBXBuildFile; fileRef = DCC96AD0152E11210064C500 /* CoreGraphics.framework */; };
		DCC96AD7152E11210064C500 /* InfoPlist.strings in Resources */ = {isa = PBXBuildFile; fileRef = DCC96AD5152E11210064C500 /* InfoPlist.strings */; };
		DCC96AD9152E11210064C500 /* main.m in Sources */ = {isa = PBXBuildFile; fileRef = DCC96AD8152E11210064C500 /* main.m */; };
		DCC96ADD152E11210064C500 /* AppDelegate.m in Sources */ = {isa = PBXBuildFile; fileRef = DCC96ADC152E11210064C500 /* AppDelegate.m */; };
		DCC96AE0152E11210064C500 /* ViewController.m in Sources */ = {isa = PBXBuildFile; fileRef = DCC96ADF152E11210064C500 /* ViewController.m */; };
		DCC96AE3152E11210064C500 /* ViewController.xib in Resources */ = {isa = PBXBuildFile; fileRef = DCC96AE1152E11210064C500 /* ViewController.xib */; };
		DCC96AFE152E11450064C500 /* DDAbstractDatabaseLogger.m in Sources */ = {isa = PBXBuildFile; fileRef = DCC96AEF152E11450064C500 /* DDAbstractDatabaseLogger.m */; };
		DCC96AFF152E11450064C500 /* DDASLLogger.m in Sources */ = {isa = PBXBuildFile; fileRef = DCC96AF1152E11450064C500 /* DDASLLogger.m */; };
		DCC96B00152E11450064C500 /* DDFileLogger.m in Sources */ = {isa = PBXBuildFile; fileRef = DCC96AF3152E11450064C500 /* DDFileLogger.m */; };
		DCC96B01152E11450064C500 /* DDLog.m in Sources */ = {isa = PBXBuildFile; fileRef = DCC96AF5152E11450064C500 /* DDLog.m */; };
		DCC96B02152E11450064C500 /* DDTTYLogger.m in Sources */ = {isa = PBXBuildFile; fileRef = DCC96AF7152E11450064C500 /* DDTTYLogger.m */; };
		DCC96B05152E11450064C500 /* README.txt in Resources */ = {isa = PBXBuildFile; fileRef = DCC96AFD152E11450064C500 /* README.txt */; };
		DCC96B0A152E115C0064C500 /* GCDAsyncUdpSocket.m in Sources */ = {isa = PBXBuildFile; fileRef = DCC96B09152E115C0064C500 /* GCDAsyncUdpSocket.m */; };
/* End PBXBuildFile section */

/* Begin PBXFileReference section */
		11C3285A186CDD1F00F6D762 /* DDLog+LOGV.h */ = {isa = PBXFileReference; lastKnownFileType = sourcecode.c.h; path = "DDLog+LOGV.h"; sourceTree = "<group>"; };
		11C3285B186CDD2A00F6D762 /* DDContextFilterLogFormatter.h */ = {isa = PBXFileReference; fileEncoding = 4; lastKnownFileType = sourcecode.c.h; path = DDContextFilterLogFormatter.h; sourceTree = "<group>"; };
		11C3285C186CDD2A00F6D762 /* DDContextFilterLogFormatter.m */ = {isa = PBXFileReference; fileEncoding = 4; lastKnownFileType = sourcecode.c.objc; path = DDContextFilterLogFormatter.m; sourceTree = "<group>"; };
		11C3285D186CDD2A00F6D762 /* DDDispatchQueueLogFormatter.h */ = {isa = PBXFileReference; fileEncoding = 4; lastKnownFileType = sourcecode.c.h; path = DDDispatchQueueLogFormatter.h; sourceTree = "<group>"; };
		11C3285E186CDD2A00F6D762 /* DDDispatchQueueLogFormatter.m */ = {isa = PBXFileReference; fileEncoding = 4; lastKnownFileType = sourcecode.c.objc; path = DDDispatchQueueLogFormatter.m; sourceTree = "<group>"; };
		11C3285F186CDD2A00F6D762 /* DDMultiFormatter.h */ = {isa = PBXFileReference; fileEncoding = 4; lastKnownFileType = sourcecode.c.h; path = DDMultiFormatter.h; sourceTree = "<group>"; };
		11C32860186CDD2A00F6D762 /* DDMultiFormatter.m */ = {isa = PBXFileReference; fileEncoding = 4; lastKnownFileType = sourcecode.c.objc; path = DDMultiFormatter.m; sourceTree = "<group>"; };
		DC49317817F9F88F00402F77 /* Default-568h@2x.png */ = {isa = PBXFileReference; lastKnownFileType = image.png; name = "Default-568h@2x.png"; path = "../Default-568h@2x.png"; sourceTree = "<group>"; };
		DCC96AC8152E11210064C500 /* UdpEchoClient.app */ = {isa = PBXFileReference; explicitFileType = wrapper.application; includeInIndex = 0; path = UdpEchoClient.app; sourceTree = BUILT_PRODUCTS_DIR; };
		DCC96ACC152E11210064C500 /* UIKit.framework */ = {isa = PBXFileReference; lastKnownFileType = wrapper.framework; name = UIKit.framework; path = System/Library/Frameworks/UIKit.framework; sourceTree = SDKROOT; };
		DCC96ACE152E11210064C500 /* Foundation.framework */ = {isa = PBXFileReference; lastKnownFileType = wrapper.framework; name = Foundation.framework; path = System/Library/Frameworks/Foundation.framework; sourceTree = SDKROOT; };
		DCC96AD0152E11210064C500 /* CoreGraphics.framework */ = {isa = PBXFileReference; lastKnownFileType = wrapper.framework; name = CoreGraphics.framework; path = System/Library/Frameworks/CoreGraphics.framework; sourceTree = SDKROOT; };
		DCC96AD4152E11210064C500 /* UdpEchoClient-Info.plist */ = {isa = PBXFileReference; lastKnownFileType = text.plist.xml; path = "UdpEchoClient-Info.plist"; sourceTree = "<group>"; };
		DCC96AD6152E11210064C500 /* en */ = {isa = PBXFileReference; lastKnownFileType = text.plist.strings; name = en; path = en.lproj/InfoPlist.strings; sourceTree = "<group>"; };
		DCC96AD8152E11210064C500 /* main.m */ = {isa = PBXFileReference; lastKnownFileType = sourcecode.c.objc; path = main.m; sourceTree = "<group>"; };
		DCC96ADA152E11210064C500 /* UdpEchoClient-Prefix.pch */ = {isa = PBXFileReference; lastKnownFileType = sourcecode.c.h; path = "UdpEchoClient-Prefix.pch"; sourceTree = "<group>"; };
		DCC96ADB152E11210064C500 /* AppDelegate.h */ = {isa = PBXFileReference; lastKnownFileType = sourcecode.c.h; path = AppDelegate.h; sourceTree = "<group>"; };
		DCC96ADC152E11210064C500 /* AppDelegate.m */ = {isa = PBXFileReference; lastKnownFileType = sourcecode.c.objc; path = AppDelegate.m; sourceTree = "<group>"; };
		DCC96ADE152E11210064C500 /* ViewController.h */ = {isa = PBXFileReference; lastKnownFileType = sourcecode.c.h; path = ViewController.h; sourceTree = "<group>"; };
		DCC96ADF152E11210064C500 /* ViewController.m */ = {isa = PBXFileReference; lastKnownFileType = sourcecode.c.objc; path = ViewController.m; sourceTree = "<group>"; };
		DCC96AE2152E11210064C500 /* en */ = {isa = PBXFileReference; lastKnownFileType = file.xib; name = en; path = en.lproj/ViewController.xib; sourceTree = "<group>"; };
		DCC96AEE152E11450064C500 /* DDAbstractDatabaseLogger.h */ = {isa = PBXFileReference; fileEncoding = 4; lastKnownFileType = sourcecode.c.h; path = DDAbstractDatabaseLogger.h; sourceTree = "<group>"; };
		DCC96AEF152E11450064C500 /* DDAbstractDatabaseLogger.m */ = {isa = PBXFileReference; fileEncoding = 4; lastKnownFileType = sourcecode.c.objc; path = DDAbstractDatabaseLogger.m; sourceTree = "<group>"; };
		DCC96AF0152E11450064C500 /* DDASLLogger.h */ = {isa = PBXFileReference; fileEncoding = 4; lastKnownFileType = sourcecode.c.h; path = DDASLLogger.h; sourceTree = "<group>"; };
		DCC96AF1152E11450064C500 /* DDASLLogger.m */ = {isa = PBXFileReference; fileEncoding = 4; lastKnownFileType = sourcecode.c.objc; path = DDASLLogger.m; sourceTree = "<group>"; };
		DCC96AF2152E11450064C500 /* DDFileLogger.h */ = {isa = PBXFileReference; fileEncoding = 4; lastKnownFileType = sourcecode.c.h; path = DDFileLogger.h; sourceTree = "<group>"; };
		DCC96AF3152E11450064C500 /* DDFileLogger.m */ = {isa = PBXFileReference; fileEncoding = 4; lastKnownFileType = sourcecode.c.objc; path = DDFileLogger.m; sourceTree = "<group>"; };
		DCC96AF4152E11450064C500 /* DDLog.h */ = {isa = PBXFileReference; fileEncoding = 4; lastKnownFileType = sourcecode.c.h; path = DDLog.h; sourceTree = "<group>"; };
		DCC96AF5152E11450064C500 /* DDLog.m */ = {isa = PBXFileReference; fileEncoding = 4; lastKnownFileType = sourcecode.c.objc; path = DDLog.m; sourceTree = "<group>"; };
		DCC96AF6152E11450064C500 /* DDTTYLogger.h */ = {isa = PBXFileReference; fileEncoding = 4; lastKnownFileType = sourcecode.c.h; path = DDTTYLogger.h; sourceTree = "<group>"; };
		DCC96AF7152E11450064C500 /* DDTTYLogger.m */ = {isa = PBXFileReference; fileEncoding = 4; lastKnownFileType = sourcecode.c.objc; path = DDTTYLogger.m; sourceTree = "<group>"; };
		DCC96AFD152E11450064C500 /* README.txt */ = {isa = PBXFileReference; fileEncoding = 4; lastKnownFileType = text; path = README.txt; sourceTree = "<group>"; };
		DCC96B08152E115C0064C500 /* GCDAsyncUdpSocket.h */ = {isa = PBXFileReference; fileEncoding = 4; lastKnownFileType = sourcecode.c.h; name = GCDAsyncUdpSocket.h; path = ../../../GCDAsyncUdpSocket.h; sourceTree = "<group>"; };
		DCC96B09152E115C0064C500 /* GCDAsyncUdpSocket.m */ = {isa = PBXFileReference; fileEncoding = 4; lastKnownFileType = sourcecode.c.objc; name = GCDAsyncUdpSocket.m; path = ../../../GCDAsyncUdpSocket.m; sourceTree = "<group>"; };
/* End PBXFileReference section */

/* Begin PBXFrameworksBuildPhase section */
		DCC96AC5152E11210064C500 /* Frameworks */ = {
			isa = PBXFrameworksBuildPhase;
			buildActionMask = 2147483647;
			files = (
				DCC96ACD152E11210064C500 /* UIKit.framework in Frameworks */,
				DCC96ACF152E11210064C500 /* Foundation.framework in Frameworks */,
				DCC96AD1152E11210064C500 /* CoreGraphics.framework in Frameworks */,
			);
			runOnlyForDeploymentPostprocessing = 0;
		};
/* End PBXFrameworksBuildPhase section */

/* Begin PBXGroup section */
		DCC96ABD152E11210064C500 = {
			isa = PBXGroup;
			children = (
				DCC96AED152E11450064C500 /* Logging */,
				DCC96B07152E114C0064C500 /* UDP */,
				DCC96AD2152E11210064C500 /* UdpEchoClient */,
				DCC96ACB152E11210064C500 /* Frameworks */,
				DCC96AC9152E11210064C500 /* Products */,
			);
			sourceTree = "<group>";
		};
		DCC96AC9152E11210064C500 /* Products */ = {
			isa = PBXGroup;
			children = (
				DCC96AC8152E11210064C500 /* UdpEchoClient.app */,
			);
			name = Products;
			sourceTree = "<group>";
		};
		DCC96ACB152E11210064C500 /* Frameworks */ = {
			isa = PBXGroup;
			children = (
				DCC96ACC152E11210064C500 /* UIKit.framework */,
				DCC96ACE152E11210064C500 /* Foundation.framework */,
				DCC96AD0152E11210064C500 /* CoreGraphics.framework */,
			);
			name = Frameworks;
			sourceTree = "<group>";
		};
		DCC96AD2152E11210064C500 /* UdpEchoClient */ = {
			isa = PBXGroup;
			children = (
				DCC96ADB152E11210064C500 /* AppDelegate.h */,
				DCC96ADC152E11210064C500 /* AppDelegate.m */,
				DCC96ADE152E11210064C500 /* ViewController.h */,
				DCC96ADF152E11210064C500 /* ViewController.m */,
				DCC96AE1152E11210064C500 /* ViewController.xib */,
				DCC96AD3152E11210064C500 /* Supporting Files */,
			);
			path = UdpEchoClient;
			sourceTree = "<group>";
		};
		DCC96AD3152E11210064C500 /* Supporting Files */ = {
			isa = PBXGroup;
			children = (
				DC49317817F9F88F00402F77 /* Default-568h@2x.png */,
				DCC96AD4152E11210064C500 /* UdpEchoClient-Info.plist */,
				DCC96AD5152E11210064C500 /* InfoPlist.strings */,
				DCC96AD8152E11210064C500 /* main.m */,
				DCC96ADA152E11210064C500 /* UdpEchoClient-Prefix.pch */,
			);
			name = "Supporting Files";
			sourceTree = "<group>";
		};
		DCC96AED152E11450064C500 /* Logging */ = {
			isa = PBXGroup;
			children = (
				DCC96AEE152E11450064C500 /* DDAbstractDatabaseLogger.h */,
				DCC96AEF152E11450064C500 /* DDAbstractDatabaseLogger.m */,
				DCC96AF0152E11450064C500 /* DDASLLogger.h */,
				DCC96AF1152E11450064C500 /* DDASLLogger.m */,
				DCC96AF2152E11450064C500 /* DDFileLogger.h */,
				DCC96AF3152E11450064C500 /* DDFileLogger.m */,
				DCC96AF4152E11450064C500 /* DDLog.h */,
				DCC96AF5152E11450064C500 /* DDLog.m */,
				11C3285A186CDD1F00F6D762 /* DDLog+LOGV.h */,
				DCC96AF6152E11450064C500 /* DDTTYLogger.h */,
				DCC96AF7152E11450064C500 /* DDTTYLogger.m */,
				DCC96AF8152E11450064C500 /* Extensions */,
			);
			name = Logging;
			path = ../../../../Vendor/CocoaLumberjack;
			sourceTree = "<group>";
		};
		DCC96AF8152E11450064C500 /* Extensions */ = {
			isa = PBXGroup;
			children = (
				11C3285B186CDD2A00F6D762 /* DDContextFilterLogFormatter.h */,
				11C3285C186CDD2A00F6D762 /* DDContextFilterLogFormatter.m */,
				11C3285D186CDD2A00F6D762 /* DDDispatchQueueLogFormatter.h */,
				11C3285E186CDD2A00F6D762 /* DDDispatchQueueLogFormatter.m */,
				11C3285F186CDD2A00F6D762 /* DDMultiFormatter.h */,
				11C32860186CDD2A00F6D762 /* DDMultiFormatter.m */,
				DCC96AFD152E11450064C500 /* README.txt */,
			);
			path = Extensions;
			sourceTree = "<group>";
		};
		DCC96B07152E114C0064C500 /* UDP */ = {
			isa = PBXGroup;
			children = (
				DCC96B08152E115C0064C500 /* GCDAsyncUdpSocket.h */,
				DCC96B09152E115C0064C500 /* GCDAsyncUdpSocket.m */,
			);
			name = UDP;
			sourceTree = "<group>";
		};
/* End PBXGroup section */

/* Begin PBXNativeTarget section */
		DCC96AC7152E11210064C500 /* UdpEchoClient */ = {
			isa = PBXNativeTarget;
			buildConfigurationList = DCC96AE6152E11210064C500 /* Build configuration list for PBXNativeTarget "UdpEchoClient" */;
			buildPhases = (
				DCC96AC4152E11210064C500 /* Sources */,
				DCC96AC5152E11210064C500 /* Frameworks */,
				DCC96AC6152E11210064C500 /* Resources */,
			);
			buildRules = (
			);
			dependencies = (
			);
			name = UdpEchoClient;
			productName = UdpEchoClient;
			productReference = DCC96AC8152E11210064C500 /* UdpEchoClient.app */;
			productType = "com.apple.product-type.application";
		};
/* End PBXNativeTarget section */

/* Begin PBXProject section */
		DCC96ABF152E11210064C500 /* Project object */ = {
			isa = PBXProject;
			attributes = {
				LastUpgradeCheck = 0500;
			};
			buildConfigurationList = DCC96AC2152E11210064C500 /* Build configuration list for PBXProject "UdpEchoClient" */;
			compatibilityVersion = "Xcode 3.2";
			developmentRegion = English;
			hasScannedForEncodings = 0;
			knownRegions = (
				en,
			);
			mainGroup = DCC96ABD152E11210064C500;
			productRefGroup = DCC96AC9152E11210064C500 /* Products */;
			projectDirPath = "";
			projectRoot = "";
			targets = (
				DCC96AC7152E11210064C500 /* UdpEchoClient */,
			);
		};
/* End PBXProject section */

/* Begin PBXResourcesBuildPhase section */
		DCC96AC6152E11210064C500 /* Resources */ = {
			isa = PBXResourcesBuildPhase;
			buildActionMask = 2147483647;
			files = (
				DCC96AD7152E11210064C500 /* InfoPlist.strings in Resources */,
				DC49317917F9F88F00402F77 /* Default-568h@2x.png in Resources */,
				DCC96AE3152E11210064C500 /* ViewController.xib in Resources */,
				DCC96B05152E11450064C500 /* README.txt in Resources */,
			);
			runOnlyForDeploymentPostprocessing = 0;
		};
/* End PBXResourcesBuildPhase section */

/* Begin PBXSourcesBuildPhase section */
		DCC96AC4152E11210064C500 /* Sources */ = {
			isa = PBXSourcesBuildPhase;
			buildActionMask = 2147483647;
			files = (
				11C32863186CDD2A00F6D762 /* DDMultiFormatter.m in Sources */,
				DCC96AD9152E11210064C500 /* main.m in Sources */,
				DCC96ADD152E11210064C500 /* AppDelegate.m in Sources */,
				11C32862186CDD2A00F6D762 /* DDDispatchQueueLogFormatter.m in Sources */,
				DCC96AE0152E11210064C500 /* ViewController.m in Sources */,
				DCC96AFE152E11450064C500 /* DDAbstractDatabaseLogger.m in Sources */,
				DCC96AFF152E11450064C500 /* DDASLLogger.m in Sources */,
				11C32861186CDD2A00F6D762 /* DDContextFilterLogFormatter.m in Sources */,
				DCC96B00152E11450064C500 /* DDFileLogger.m in Sources */,
				DCC96B01152E11450064C500 /* DDLog.m in Sources */,
				DCC96B02152E11450064C500 /* DDTTYLogger.m in Sources */,
				DCC96B0A152E115C0064C500 /* GCDAsyncUdpSocket.m in Sources */,
			);
			runOnlyForDeploymentPostprocessing = 0;
		};
/* End PBXSourcesBuildPhase section */

/* Begin PBXVariantGroup section */
		DCC96AD5152E11210064C500 /* InfoPlist.strings */ = {
			isa = PBXVariantGroup;
			children = (
				DCC96AD6152E11210064C500 /* en */,
			);
			name = InfoPlist.strings;
			sourceTree = "<group>";
		};
		DCC96AE1152E11210064C500 /* ViewController.xib */ = {
			isa = PBXVariantGroup;
			children = (
				DCC96AE2152E11210064C500 /* en */,
			);
			name = ViewController.xib;
			sourceTree = "<group>";
		};
/* End PBXVariantGroup section */

/* Begin XCBuildConfiguration section */
		DCC96AE4152E11210064C500 /* Debug */ = {
			isa = XCBuildConfiguration;
			buildSettings = {
				ALWAYS_SEARCH_USER_PATHS = NO;
				CLANG_ENABLE_OBJC_ARC = YES;
				CLANG_WARN_BOOL_CONVERSION = YES;
				CLANG_WARN_CONSTANT_CONVERSION = YES;
				CLANG_WARN_EMPTY_BODY = YES;
				CLANG_WARN_ENUM_CONVERSION = YES;
				CLANG_WARN_INT_CONVERSION = YES;
				CLANG_WARN__DUPLICATE_METHOD_MATCH = YES;
				"CODE_SIGN_IDENTITY[sdk=iphoneos*]" = "iPhone Developer";
				COPY_PHASE_STRIP = NO;
				GCC_C_LANGUAGE_STANDARD = gnu99;
				GCC_DYNAMIC_NO_PIC = NO;
				GCC_OPTIMIZATION_LEVEL = 0;
				GCC_PREPROCESSOR_DEFINITIONS = (
					"DEBUG=1",
					"$(inherited)",
				);
				GCC_SYMBOLS_PRIVATE_EXTERN = NO;
				GCC_VERSION = com.apple.compilers.llvm.clang.1_0;
				GCC_WARN_64_TO_32_BIT_CONVERSION = YES;
				GCC_WARN_ABOUT_RETURN_TYPE = YES;
				GCC_WARN_UNDECLARED_SELECTOR = YES;
				GCC_WARN_UNINITIALIZED_AUTOS = YES;
				GCC_WARN_UNUSED_FUNCTION = YES;
				GCC_WARN_UNUSED_VARIABLE = YES;
				IPHONEOS_DEPLOYMENT_TARGET = 5.1;
				ONLY_ACTIVE_ARCH = YES;
				SDKROOT = iphoneos;
			};
			name = Debug;
		};
		DCC96AE5152E11210064C500 /* Release */ = {
			isa = XCBuildConfiguration;
			buildSettings = {
				ALWAYS_SEARCH_USER_PATHS = NO;
				CLANG_ENABLE_OBJC_ARC = YES;
				CLANG_WARN_BOOL_CONVERSION = YES;
				CLANG_WARN_CONSTANT_CONVERSION = YES;
				CLANG_WARN_EMPTY_BODY = YES;
				CLANG_WARN_ENUM_CONVERSION = YES;
				CLANG_WARN_INT_CONVERSION = YES;
				CLANG_WARN__DUPLICATE_METHOD_MATCH = YES;
				"CODE_SIGN_IDENTITY[sdk=iphoneos*]" = "iPhone Developer";
				COPY_PHASE_STRIP = YES;
				GCC_C_LANGUAGE_STANDARD = gnu99;
				GCC_VERSION = com.apple.compilers.llvm.clang.1_0;
				GCC_WARN_64_TO_32_BIT_CONVERSION = YES;
				GCC_WARN_ABOUT_RETURN_TYPE = YES;
				GCC_WARN_UNDECLARED_SELECTOR = YES;
				GCC_WARN_UNINITIALIZED_AUTOS = YES;
				GCC_WARN_UNUSED_FUNCTION = YES;
				GCC_WARN_UNUSED_VARIABLE = YES;
				IPHONEOS_DEPLOYMENT_TARGET = 5.1;
				OTHER_CFLAGS = "-DNS_BLOCK_ASSERTIONS=1";
				SDKROOT = iphoneos;
				VALIDATE_PRODUCT = YES;
			};
			name = Release;
		};
		DCC96AE7152E11210064C500 /* Debug */ = {
			isa = XCBuildConfiguration;
			buildSettings = {
				GCC_PRECOMPILE_PREFIX_HEADER = YES;
				GCC_PREFIX_HEADER = "UdpEchoClient/UdpEchoClient-Prefix.pch";
				INFOPLIST_FILE = "UdpEchoClient/UdpEchoClient-Info.plist";
				PRODUCT_NAME = "$(TARGET_NAME)";
				WRAPPER_EXTENSION = app;
			};
			name = Debug;
		};
		DCC96AE8152E11210064C500 /* Release */ = {
			isa = XCBuildConfiguration;
			buildSettings = {
				GCC_PRECOMPILE_PREFIX_HEADER = YES;
				GCC_PREFIX_HEADER = "UdpEchoClient/UdpEchoClient-Prefix.pch";
				INFOPLIST_FILE = "UdpEchoClient/UdpEchoClient-Info.plist";
				PRODUCT_NAME = "$(TARGET_NAME)";
				WRAPPER_EXTENSION = app;
			};
			name = Release;
		};
/* End XCBuildConfiguration section */

/* Begin XCConfigurationList section */
		DCC96AC2152E11210064C500 /* Build configuration list for PBXProject "UdpEchoClient" */ = {
			isa = XCConfigurationList;
			buildConfigurations = (
				DCC96AE4152E11210064C500 /* Debug */,
				DCC96AE5152E11210064C500 /* Release */,
			);
			defaultConfigurationIsVisible = 0;
			defaultConfigurationName = Release;
		};
		DCC96AE6152E11210064C500 /* Build configuration list for PBXNativeTarget "UdpEchoClient" */ = {
			isa = XCConfigurationList;
			buildConfigurations = (
				DCC96AE7152E11210064C500 /* Debug */,
				DCC96AE8152E11210064C500 /* Release */,
			);
			defaultConfigurationIsVisible = 0;
			defaultConfigurationName = Release;
		};
/* End XCConfigurationList section */
	};
	rootObject = DCC96ABF152E11210064C500 /* Project object */;
}
